
Microsoft Visual Studio Solution File, Format Version 12.00
# Visual Studio Version 17
VisualStudioVersion = 17.14.36221.1 d17.14
MinimumVisualStudioVersion = 10.0.40219.1
Project("{FAE04EC0-301F-11D3-BF4B-00C04F79EFBC}") = "shapehirarchy", "shapehirarchy\shapehirarchy.csproj", "{E14B16A7-56E1-4671-88DE-BA7C60DF4648}"
EndProject
Global
	GlobalSection(SolutionConfigurationPlatforms) = preSolution
		Debug|Any CPU = Debug|Any CPU
		Release|Any CPU = Release|Any CPU
	EndGlobalSection
	GlobalSection(ProjectConfigurationPlatforms) = postSolution
		{E14B16A7-56E1-4671-88DE-BA7C60DF4648}.Debug|Any CPU.ActiveCfg = Debug|Any CPU
		{E14B16A7-56E1-4671-88DE-BA7C60DF4648}.Debug|Any CPU.Build.0 = Debug|Any CPU
		{E14B16A7-56E1-4671-88DE-BA7C60DF4648}.Release|Any CPU.ActiveCfg = Release|Any CPU
		{E14B16A7-56E1-4671-88DE-BA7C60DF4648}.Release|Any CPU.Build.0 = Release|Any CPU
	EndGlobalSection
	GlobalSection(SolutionProperties) = preSolution
		HideSolutionNode = FALSE
	EndGlobalSection
	GlobalSection(ExtensibilityGlobals) = postSolution
		SolutionGuid = {3D85FD0B-22FC-4480-9776-00AF9F2F6F01}
	EndGlobalSection
EndGlobal
